{
    "version": 3,
    "terraform_version": "0.11.2",
    "serial": 1,
    "lineage": "26c49f6c-d8e6-4ad3-8bd0-0ad9b4c8db52",
    "modules": [
        {
            "path": [
                "root"
            ],
            "outputs": {
                "gce-kubernetes-configuration": {
                    "sensitive": false,
                    "type": "string",
                    "value": "kubernetes-store-bucket"
                },
                "gce-kubernetes-self-link": {
                    "sensitive": false,
                    "type": "string",
                    "value": "https://www.googleapis.com/storage/v1/b/kubernetes-store-bucket"
                }
            },
            "resources": {
                "google_compute_backend_bucket.kubernetes-backend": {
                    "type": "google_compute_backend_bucket",
                    "depends_on": [
                        "google_storage_bucket.kubernetes_bucket"
                    ],
                    "primary": {
                        "id": "kubernetes-backend-bucket",
                        "attributes": {
                            "bucket_name": "kubernetes-store-bucket",
                            "description": "Contains kubernetes stuff",
                            "enable_cdn": "true",
                            "id": "kubernetes-backend-bucket",
                            "name": "kubernetes-backend-bucket",
                            "project": "supple-league-190515",
                            "self_link": "https://www.googleapis.com/compute/v1/projects/supple-league-190515/global/backendBuckets/kubernetes-backend-bucket"
                        },
                        "meta": {},
                        "tainted": false
                    },
                    "deposed": [],
                    "provider": "provider.google"
                },
                "google_storage_bucket.kubernetes_bucket": {
                    "type": "google_storage_bucket",
                    "depends_on": [],
                    "primary": {
                        "id": "kubernetes-store-bucket",
                        "attributes": {
                            "cors.#": "0",
                            "force_destroy": "false",
                            "id": "kubernetes-store-bucket",
                            "labels.%": "0",
                            "location": "EU",
                            "name": "kubernetes-store-bucket",
                            "project": "supple-league-190515",
                            "self_link": "https://www.googleapis.com/storage/v1/b/kubernetes-store-bucket",
                            "storage_class": "STANDARD",
                            "url": "gs://kubernetes-store-bucket",
                            "versioning.#": "0"
                        },
                        "meta": {},
                        "tainted": false
                    },
                    "deposed": [],
                    "provider": "provider.google"
                }
            },
            "depends_on": []
        }
    ]
}
